
Microsoft Visual Studio Solution File, Format Version 12.00
# Visual Studio Version 17
VisualStudioVersion = 17.4.33205.214
MinimumVisualStudioVersion = 10.0.40219.1
Project("{9A19103F-16F7-4668-BE54-9A1E7A4F7556}") = "BulkyBookWeb", "BulkyBookWeb\BulkyBookWeb.csproj", "{C1E2B340-2837-4198-A9E5-ABB3CD807392}"
EndProject
Global
	GlobalSection(SolutionConfigurationPlatforms) = preSolution
		Debug|Any CPU = Debug|Any CPU
		Release|Any CPU = Release|Any CPU
	EndGlobalSection
	GlobalSection(ProjectConfigurationPlatforms) = postSolution
		{C1E2B340-2837-4198-A9E5-ABB3CD807392}.Debug|Any CPU.ActiveCfg = Debug|Any CPU
		{C1E2B340-2837-4198-A9E5-ABB3CD807392}.Debug|Any CPU.Build.0 = Debug|Any CPU
		{C1E2B340-2837-4198-A9E5-ABB3CD807392}.Release|Any CPU.ActiveCfg = Release|Any CPU
		{C1E2B340-2837-4198-A9E5-ABB3CD807392}.Release|Any CPU.Build.0 = Release|Any CPU
	EndGlobalSection
	GlobalSection(SolutionProperties) = preSolution
		HideSolutionNode = FALSE
	EndGlobalSection
	GlobalSection(ExtensibilityGlobals) = postSolution
		SolutionGuid = {D434A4C9-EC1F-4574-A8FA-A0ED8CF29A5D}
	EndGlobalSection
EndGlobal
